
Microsoft Visual Studio Solution File, Format Version 12.00
# Visual Studio Version 17
VisualStudioVersion = 17.5.33424.131
MinimumVisualStudioVersion = 10.0.40219.1
Project("{9A19103F-16F7-4668-BE54-9A1E7A4F7556}") = "CalculateSquareForShapes", "CalculateSquareForShapes\CalculateSquareForShapes.csproj", "{52CCECE2-A1DD-4029-92FE-2A788822FE52}"
EndProject
Project("{FAE04EC0-301F-11D3-BF4B-00C04F79EFBC}") = "UnitTester", "UnitTester\UnitTester.csproj", "{22E8471C-409B-4CE1-BC68-5FE049062AD4}"
	ProjectSection(ProjectDependencies) = postProject
		{52CCECE2-A1DD-4029-92FE-2A788822FE52} = {52CCECE2-A1DD-4029-92FE-2A788822FE52}
	EndProjectSection
EndProject
Global
	GlobalSection(SolutionConfigurationPlatforms) = preSolution
		Debug|Any CPU = Debug|Any CPU
		Release|Any CPU = Release|Any CPU
	EndGlobalSection
	GlobalSection(ProjectConfigurationPlatforms) = postSolution
		{52CCECE2-A1DD-4029-92FE-2A788822FE52}.Debug|Any CPU.ActiveCfg = Debug|Any CPU
		{52CCECE2-A1DD-4029-92FE-2A788822FE52}.Debug|Any CPU.Build.0 = Debug|Any CPU
		{52CCECE2-A1DD-4029-92FE-2A788822FE52}.Release|Any CPU.ActiveCfg = Release|Any CPU
		{52CCECE2-A1DD-4029-92FE-2A788822FE52}.Release|Any CPU.Build.0 = Release|Any CPU
		{22E8471C-409B-4CE1-BC68-5FE049062AD4}.Debug|Any CPU.ActiveCfg = Debug|Any CPU
		{22E8471C-409B-4CE1-BC68-5FE049062AD4}.Debug|Any CPU.Build.0 = Debug|Any CPU
		{22E8471C-409B-4CE1-BC68-5FE049062AD4}.Release|Any CPU.ActiveCfg = Release|Any CPU
		{22E8471C-409B-4CE1-BC68-5FE049062AD4}.Release|Any CPU.Build.0 = Release|Any CPU
	EndGlobalSection
	GlobalSection(SolutionProperties) = preSolution
		HideSolutionNode = FALSE
	EndGlobalSection
	GlobalSection(ExtensibilityGlobals) = postSolution
		SolutionGuid = {6F592C6B-B695-4416-B7DC-12E561597E92}
	EndGlobalSection
EndGlobal
